
Microsoft Visual Studio Solution File, Format Version 12.00
Project("{2150E333-8FDC-42A3-9474-1A3956D46DE8}") = "src", "src", "{1EC17439-7C68-4235-A78E-2B36E96493E4}"
EndProject
Project("{2150E333-8FDC-42A3-9474-1A3956D46DE8}") = "test", "test", "{81222FD2-A6FA-4F61-B169-10139300D293}"
EndProject
Project("{FAE04EC0-301F-11D3-BF4B-00C04F79EFBC}") = "Monad.Maybe", "src\Monad.Maybe\Monad.Maybe.csproj", "{6455491E-7A82-4AA0-BFC2-626BBC5B9E24}"
EndProject
Project("{FAE04EC0-301F-11D3-BF4B-00C04F79EFBC}") = "Monad.Maybe.Unit.Test", "test\Monad.Maybe.Unit.Test\Monad.Maybe.Unit.Test.csproj", "{DAFE5E6A-8C15-4452-BA08-059480560146}"
EndProject
Global
	GlobalSection(SolutionConfigurationPlatforms) = preSolution
		Debug|Any CPU = Debug|Any CPU
		Release|Any CPU = Release|Any CPU
	EndGlobalSection
	GlobalSection(NestedProjects) = preSolution
		{6455491E-7A82-4AA0-BFC2-626BBC5B9E24} = {1EC17439-7C68-4235-A78E-2B36E96493E4}
		{DAFE5E6A-8C15-4452-BA08-059480560146} = {81222FD2-A6FA-4F61-B169-10139300D293}
	EndGlobalSection
	GlobalSection(ProjectConfigurationPlatforms) = postSolution
		{6455491E-7A82-4AA0-BFC2-626BBC5B9E24}.Debug|Any CPU.ActiveCfg = Debug|Any CPU
		{6455491E-7A82-4AA0-BFC2-626BBC5B9E24}.Debug|Any CPU.Build.0 = Debug|Any CPU
		{6455491E-7A82-4AA0-BFC2-626BBC5B9E24}.Release|Any CPU.ActiveCfg = Release|Any CPU
		{6455491E-7A82-4AA0-BFC2-626BBC5B9E24}.Release|Any CPU.Build.0 = Release|Any CPU
		{DAFE5E6A-8C15-4452-BA08-059480560146}.Debug|Any CPU.ActiveCfg = Debug|Any CPU
		{DAFE5E6A-8C15-4452-BA08-059480560146}.Debug|Any CPU.Build.0 = Debug|Any CPU
		{DAFE5E6A-8C15-4452-BA08-059480560146}.Release|Any CPU.ActiveCfg = Release|Any CPU
		{DAFE5E6A-8C15-4452-BA08-059480560146}.Release|Any CPU.Build.0 = Release|Any CPU
	EndGlobalSection
EndGlobal
